
Microsoft Visual Studio Solution File, Format Version 12.00
# Visual Studio Version 16
VisualStudioVersion = 16.0.29613.14
MinimumVisualStudioVersion = 10.0.40219.1
Project("{FAE04EC0-301F-11D3-BF4B-00C04F79EFBC}") = "ConsoleHero", "ConsoleHero\ConsoleHero.csproj", "{D0AB68B7-D03A-4D80-B9E9-5E7A558157E7}"
EndProject
Global
	GlobalSection(SolutionConfigurationPlatforms) = preSolution
		Debug|Any CPU = Debug|Any CPU
		Release|Any CPU = Release|Any CPU
	EndGlobalSection
	GlobalSection(ProjectConfigurationPlatforms) = postSolution
		{D0AB68B7-D03A-4D80-B9E9-5E7A558157E7}.Debug|Any CPU.ActiveCfg = Debug|Any CPU
		{D0AB68B7-D03A-4D80-B9E9-5E7A558157E7}.Debug|Any CPU.Build.0 = Debug|Any CPU
		{D0AB68B7-D03A-4D80-B9E9-5E7A558157E7}.Release|Any CPU.ActiveCfg = Release|Any CPU
		{D0AB68B7-D03A-4D80-B9E9-5E7A558157E7}.Release|Any CPU.Build.0 = Release|Any CPU
	EndGlobalSection
	GlobalSection(SolutionProperties) = preSolution
		HideSolutionNode = FALSE
	EndGlobalSection
	GlobalSection(ExtensibilityGlobals) = postSolution
		SolutionGuid = {DA31ACC2-1D47-4877-870B-665654E22E3C}
	EndGlobalSection
EndGlobal
